
Microsoft Visual Studio Solution File, Format Version 12.00
# Visual Studio Version 17
VisualStudioVersion = 17.14.36518.9 d17.14
MinimumVisualStudioVersion = 10.0.40219.1
Project("{FAE04EC0-301F-11D3-BF4B-00C04F79EFBC}") = "Last Dance", "Last Dance\Last Dance.csproj", "{C857857E-BECD-435B-AC7B-63961482E16F}"
EndProject
Global
	GlobalSection(SolutionConfigurationPlatforms) = preSolution
		Debug|Any CPU = Debug|Any CPU
		Release|Any CPU = Release|Any CPU
	EndGlobalSection
	GlobalSection(ProjectConfigurationPlatforms) = postSolution
		{C857857E-BECD-435B-AC7B-63961482E16F}.Debug|Any CPU.ActiveCfg = Debug|Any CPU
		{C857857E-BECD-435B-AC7B-63961482E16F}.Debug|Any CPU.Build.0 = Debug|Any CPU
		{C857857E-BECD-435B-AC7B-63961482E16F}.Release|Any CPU.ActiveCfg = Release|Any CPU
		{C857857E-BECD-435B-AC7B-63961482E16F}.Release|Any CPU.Build.0 = Release|Any CPU
	EndGlobalSection
	GlobalSection(SolutionProperties) = preSolution
		HideSolutionNode = FALSE
	EndGlobalSection
	GlobalSection(ExtensibilityGlobals) = postSolution
		SolutionGuid = {052947A0-4901-4E2A-8348-59FC40887E27}
	EndGlobalSection
EndGlobal
